// !$*UTF8*$!
{
	archiveVersion = 1;
	classes = {
	};
	objectVersion = 46;
	objects = {

/* Begin PBXBuildFile section */
		70E43C2018D09B7500C4AF92 /* rc.c in Sources */ = {isa = PBXBuildFile; fileRef = 70E43C1F18D09B7500C4AF92 /* rc.c */; };
		70E43C2318D0AA5C00C4AF92 /* log.c in Sources */ = {isa = PBXBuildFile; fileRef = 70E43C2218D0AA5C00C4AF92 /* log.c */; };
		70E43C2618D1B0BB00C4AF92 /* unit.c in Sources */ = {isa = PBXBuildFile; fileRef = 70E43C2518D1B0BB00C4AF92 /* unit.c */; };
		70E43C3718D208C100C4AF92 /* libhash.a in Frameworks */ = {isa = PBXBuildFile; fileRef = 70E43C1718D09A5E00C4AF92 /* libhash.a */; };
		70E43C3B18D7047F00C4AF92 /* main.c in Sources */ = {isa = PBXBuildFile; fileRef = 70E43C3918D7044000C4AF92 /* main.c */; };
/* End PBXBuildFile section */

/* Begin PBXCopyFilesBuildPhase section */
		70E43C2C18D208AF00C4AF92 /* CopyFiles */ = {
			isa = PBXCopyFilesBuildPhase;
			buildActionMask = 2147483647;
			dstPath = /usr/share/man/man1/;
			dstSubfolderSpec = 0;
			files = (
			);
			runOnlyForDeploymentPostprocessing = 1;
		};
/* End PBXCopyFilesBuildPhase section */

/* Begin PBXFileReference section */
		70E43C1718D09A5E00C4AF92 /* libhash.a */ = {isa = PBXFileReference; explicitFileType = archive.ar; includeInIndex = 0; path = libhash.a; sourceTree = BUILT_PRODUCTS_DIR; };
		70E43C1E18D09A8200C4AF92 /* rc.h */ = {isa = PBXFileReference; lastKnownFileType = sourcecode.c.h; path = rc.h; sourceTree = "<group>"; };
		70E43C1F18D09B7500C4AF92 /* rc.c */ = {isa = PBXFileReference; fileEncoding = 4; lastKnownFileType = sourcecode.c.c; path = rc.c; sourceTree = "<group>"; };
		70E43C2118D0A86800C4AF92 /* log.h */ = {isa = PBXFileReference; lastKnownFileType = sourcecode.c.h; path = log.h; sourceTree = "<group>"; };
		70E43C2218D0AA5C00C4AF92 /* log.c */ = {isa = PBXFileReference; fileEncoding = 4; lastKnownFileType = sourcecode.c.c; path = log.c; sourceTree = "<group>"; };
		70E43C2418D1B0B000C4AF92 /* unit.h */ = {isa = PBXFileReference; lastKnownFileType = sourcecode.c.h; path = unit.h; sourceTree = "<group>"; };
		70E43C2518D1B0BB00C4AF92 /* unit.c */ = {isa = PBXFileReference; fileEncoding = 4; lastKnownFileType = sourcecode.c.c; path = unit.c; sourceTree = "<group>"; };
		70E43C2E18D208AF00C4AF92 /* tests */ = {isa = PBXFileReference; explicitFileType = "compiled.mach-o.executable"; includeInIndex = 0; path = tests; sourceTree = BUILT_PRODUCTS_DIR; };
		70E43C3818D6DDFB00C4AF92 /* TODOs.txt */ = {isa = PBXFileReference; lastKnownFileType = text; path = TODOs.txt; sourceTree = "<group>"; };
		70E43C3918D7044000C4AF92 /* main.c */ = {isa = PBXFileReference; fileEncoding = 4; lastKnownFileType = sourcecode.c.c; name = main.c; path = ../tests/main.c; sourceTree = "<group>"; };
/* End PBXFileReference section */

/* Begin PBXFrameworksBuildPhase section */
		70E43C1418D09A5E00C4AF92 /* Frameworks */ = {
			isa = PBXFrameworksBuildPhase;
			buildActionMask = 2147483647;
			files = (
			);
			runOnlyForDeploymentPostprocessing = 0;
		};
		70E43C2B18D208AF00C4AF92 /* Frameworks */ = {
			isa = PBXFrameworksBuildPhase;
			buildActionMask = 2147483647;
			files = (
				70E43C3718D208C100C4AF92 /* libhash.a in Frameworks */,
			);
			runOnlyForDeploymentPostprocessing = 0;
		};
/* End PBXFrameworksBuildPhase section */

/* Begin PBXGroup section */
		70E43C0E18D09A5E00C4AF92 = {
			isa = PBXGroup;
			children = (
				70E43C3818D6DDFB00C4AF92 /* TODOs.txt */,
				70E43C2418D1B0B000C4AF92 /* unit.h */,
				70E43C2518D1B0BB00C4AF92 /* unit.c */,
				70E43C2118D0A86800C4AF92 /* log.h */,
				70E43C2218D0AA5C00C4AF92 /* log.c */,
				70E43C1E18D09A8200C4AF92 /* rc.h */,
				70E43C1F18D09B7500C4AF92 /* rc.c */,
				70E43C2F18D208AF00C4AF92 /* tests */,
				70E43C1818D09A5E00C4AF92 /* Products */,
			);
			sourceTree = "<group>";
		};
		70E43C1818D09A5E00C4AF92 /* Products */ = {
			isa = PBXGroup;
			children = (
				70E43C1718D09A5E00C4AF92 /* libhash.a */,
				70E43C2E18D208AF00C4AF92 /* tests */,
			);
			name = Products;
			sourceTree = "<group>";
		};
		70E43C2F18D208AF00C4AF92 /* tests */ = {
			isa = PBXGroup;
			children = (
				70E43C3918D7044000C4AF92 /* main.c */,
			);
			name = tests;
			path = t_log;
			sourceTree = "<group>";
		};
/* End PBXGroup section */

/* Begin PBXHeadersBuildPhase section */
		70E43C1518D09A5E00C4AF92 /* Headers */ = {
			isa = PBXHeadersBuildPhase;
			buildActionMask = 2147483647;
			files = (
			);
			runOnlyForDeploymentPostprocessing = 0;
		};
/* End PBXHeadersBuildPhase section */

/* Begin PBXNativeTarget section */
		70E43C1618D09A5E00C4AF92 /* hash */ = {
			isa = PBXNativeTarget;
			buildConfigurationList = 70E43C1B18D09A5E00C4AF92 /* Build configuration list for PBXNativeTarget "hash" */;
			buildPhases = (
				70E43C1318D09A5E00C4AF92 /* Sources */,
				70E43C1418D09A5E00C4AF92 /* Frameworks */,
				70E43C1518D09A5E00C4AF92 /* Headers */,
			);
			buildRules = (
			);
			dependencies = (
			);
			name = hash;
			productName = ReferenceCounting;
			productReference = 70E43C1718D09A5E00C4AF92 /* libhash.a */;
			productType = "com.apple.product-type.library.static";
		};
		70E43C2D18D208AF00C4AF92 /* tests */ = {
			isa = PBXNativeTarget;
			buildConfigurationList = 70E43C3618D208AF00C4AF92 /* Build configuration list for PBXNativeTarget "tests" */;
			buildPhases = (
				70E43C2A18D208AF00C4AF92 /* Sources */,
				70E43C2B18D208AF00C4AF92 /* Frameworks */,
				70E43C2C18D208AF00C4AF92 /* CopyFiles */,
			);
			buildRules = (
			);
			dependencies = (
			);
			name = tests;
			productName = t_log;
			productReference = 70E43C2E18D208AF00C4AF92 /* tests */;
			productType = "com.apple.product-type.tool";
		};
/* End PBXNativeTarget section */

/* Begin PBXProject section */
		70E43C0F18D09A5E00C4AF92 /* Project object */ = {
			isa = PBXProject;
			attributes = {
				LastUpgradeCheck = 0510;
				ORGANIZATIONNAME = DVAG;
			};
			buildConfigurationList = 70E43C1218D09A5E00C4AF92 /* Build configuration list for PBXProject "hash" */;
			compatibilityVersion = "Xcode 3.2";
			developmentRegion = English;
			hasScannedForEncodings = 0;
			knownRegions = (
				en,
			);
			mainGroup = 70E43C0E18D09A5E00C4AF92;
			productRefGroup = 70E43C1818D09A5E00C4AF92 /* Products */;
			projectDirPath = "";
			projectRoot = "";
			targets = (
				70E43C1618D09A5E00C4AF92 /* hash */,
				70E43C2D18D208AF00C4AF92 /* tests */,
			);
		};
/* End PBXProject section */

/* Begin PBXSourcesBuildPhase section */
		70E43C1318D09A5E00C4AF92 /* Sources */ = {
			isa = PBXSourcesBuildPhase;
			buildActionMask = 2147483647;
			files = (
				70E43C2618D1B0BB00C4AF92 /* unit.c in Sources */,
				70E43C2318D0AA5C00C4AF92 /* log.c in Sources */,
				70E43C2018D09B7500C4AF92 /* rc.c in Sources */,
			);
			runOnlyForDeploymentPostprocessing = 0;
		};
		70E43C2A18D208AF00C4AF92 /* Sources */ = {
			isa = PBXSourcesBuildPhase;
			buildActionMask = 2147483647;
			files = (
				70E43C3B18D7047F00C4AF92 /* main.c in Sources */,
			);
			runOnlyForDeploymentPostprocessing = 0;
		};
/* End PBXSourcesBuildPhase section */

/* Begin XCBuildConfiguration section */
		70E43C1918D09A5E00C4AF92 /* Debug */ = {
			isa = XCBuildConfiguration;
			buildSettings = {
				ALWAYS_SEARCH_USER_PATHS = NO;
				CLANG_CXX_LANGUAGE_STANDARD = "gnu++0x";
				CLANG_CXX_LIBRARY = "libc++";
				CLANG_ENABLE_MODULES = YES;
				CLANG_ENABLE_OBJC_ARC = YES;
				CLANG_WARN_BOOL_CONVERSION = YES;
				CLANG_WARN_CONSTANT_CONVERSION = YES;
				CLANG_WARN_DIRECT_OBJC_ISA_USAGE = YES_ERROR;
				CLANG_WARN_EMPTY_BODY = YES;
				CLANG_WARN_ENUM_CONVERSION = YES;
				CLANG_WARN_INT_CONVERSION = YES;
				CLANG_WARN_OBJC_ROOT_CLASS = YES_ERROR;
				CLANG_WARN__DUPLICATE_METHOD_MATCH = YES;
				COPY_PHASE_STRIP = NO;
				GCC_C_LANGUAGE_STANDARD = c11;
				GCC_DYNAMIC_NO_PIC = NO;
				GCC_ENABLE_OBJC_EXCEPTIONS = YES;
				GCC_OPTIMIZATION_LEVEL = 0;
				GCC_PREPROCESSOR_DEFINITIONS = (
					"DEBUG=1",
					"$(inherited)",
				);
				GCC_SYMBOLS_PRIVATE_EXTERN = NO;
				GCC_WARN_64_TO_32_BIT_CONVERSION = YES;
				GCC_WARN_ABOUT_RETURN_TYPE = YES_ERROR;
				GCC_WARN_UNDECLARED_SELECTOR = YES;
				GCC_WARN_UNINITIALIZED_AUTOS = YES_AGGRESSIVE;
				GCC_WARN_UNUSED_FUNCTION = YES;
				GCC_WARN_UNUSED_VARIABLE = YES;
				MACOSX_DEPLOYMENT_TARGET = 10.9;
				ONLY_ACTIVE_ARCH = YES;
				SDKROOT = macosx;
			};
			name = Debug;
		};
		70E43C1A18D09A5E00C4AF92 /* Release */ = {
			isa = XCBuildConfiguration;
			buildSettings = {
				ALWAYS_SEARCH_USER_PATHS = NO;
				CLANG_CXX_LANGUAGE_STANDARD = "gnu++0x";
				CLANG_CXX_LIBRARY = "libc++";
				CLANG_ENABLE_MODULES = YES;
				CLANG_ENABLE_OBJC_ARC = YES;
				CLANG_WARN_BOOL_CONVERSION = YES;
				CLANG_WARN_CONSTANT_CONVERSION = YES;
				CLANG_WARN_DIRECT_OBJC_ISA_USAGE = YES_ERROR;
				CLANG_WARN_EMPTY_BODY = YES;
				CLANG_WARN_ENUM_CONVERSION = YES;
				CLANG_WARN_INT_CONVERSION = YES;
				CLANG_WARN_OBJC_ROOT_CLASS = YES_ERROR;
				CLANG_WARN__DUPLICATE_METHOD_MATCH = YES;
				COPY_PHASE_STRIP = YES;
				DEBUG_INFORMATION_FORMAT = "dwarf-with-dsym";
				ENABLE_NS_ASSERTIONS = NO;
				GCC_C_LANGUAGE_STANDARD = c11;
				GCC_ENABLE_OBJC_EXCEPTIONS = YES;
				GCC_WARN_64_TO_32_BIT_CONVERSION = YES;
				GCC_WARN_ABOUT_RETURN_TYPE = YES_ERROR;
				GCC_WARN_UNDECLARED_SELECTOR = YES;
				GCC_WARN_UNINITIALIZED_AUTOS = YES_AGGRESSIVE;
				GCC_WARN_UNUSED_FUNCTION = YES;
				GCC_WARN_UNUSED_VARIABLE = YES;
				MACOSX_DEPLOYMENT_TARGET = 10.9;
				SDKROOT = macosx;
			};
			name = Release;
		};
		70E43C1C18D09A5E00C4AF92 /* Debug */ = {
			isa = XCBuildConfiguration;
			buildSettings = {
				EXECUTABLE_PREFIX = lib;
				PRODUCT_NAME = "$(TARGET_NAME)";
			};
			name = Debug;
		};
		70E43C1D18D09A5E00C4AF92 /* Release */ = {
			isa = XCBuildConfiguration;
			buildSettings = {
				EXECUTABLE_PREFIX = lib;
				PRODUCT_NAME = "$(TARGET_NAME)";
			};
			name = Release;
		};
		70E43C3418D208AF00C4AF92 /* Debug */ = {
			isa = XCBuildConfiguration;
			buildSettings = {
				GCC_PREPROCESSOR_DEFINITIONS = (
					"DEBUG=1",
					"$(inherited)",
				);
				PRODUCT_NAME = "$(TARGET_NAME)";
			};
			name = Debug;
		};
		70E43C3518D208AF00C4AF92 /* Release */ = {
			isa = XCBuildConfiguration;
			buildSettings = {
				PRODUCT_NAME = "$(TARGET_NAME)";
			};
			name = Release;
		};
/* End XCBuildConfiguration section */

/* Begin XCConfigurationList section */
		70E43C1218D09A5E00C4AF92 /* Build configuration list for PBXProject "hash" */ = {
			isa = XCConfigurationList;
			buildConfigurations = (
				70E43C1918D09A5E00C4AF92 /* Debug */,
				70E43C1A18D09A5E00C4AF92 /* Release */,
			);
			defaultConfigurationIsVisible = 0;
			defaultConfigurationName = Release;
		};
		70E43C1B18D09A5E00C4AF92 /* Build configuration list for PBXNativeTarget "hash" */ = {
			isa = XCConfigurationList;
			buildConfigurations = (
				70E43C1C18D09A5E00C4AF92 /* Debug */,
				70E43C1D18D09A5E00C4AF92 /* Release */,
			);
			defaultConfigurationIsVisible = 0;
			defaultConfigurationName = Release;
		};
		70E43C3618D208AF00C4AF92 /* Build configuration list for PBXNativeTarget "tests" */ = {
			isa = XCConfigurationList;
			buildConfigurations = (
				70E43C3418D208AF00C4AF92 /* Debug */,
				70E43C3518D208AF00C4AF92 /* Release */,
			);
			defaultConfigurationIsVisible = 0;
			defaultConfigurationName = Release;
		};
/* End XCConfigurationList section */
	};
	rootObject = 70E43C0F18D09A5E00C4AF92 /* Project object */;
}
